
Microsoft Visual Studio Solution File, Format Version 12.00
# Visual Studio 15
VisualStudioVersion = 15.0.28307.136
MinimumVisualStudioVersion = 10.0.40219.1
Project("{FAE04EC0-301F-11D3-BF4B-00C04F79EFBC}") = "Monitor", "Monitor\Monitor.csproj", "{B15F0E2D-03D2-4F65-A063-43007E6E25CB}"
EndProject
Global
	GlobalSection(SolutionConfigurationPlatforms) = preSolution
		Debug|Any CPU = Debug|Any CPU
		Release|Any CPU = Release|Any CPU
	EndGlobalSection
	GlobalSection(ProjectConfigurationPlatforms) = postSolution
		{B15F0E2D-03D2-4F65-A063-43007E6E25CB}.Debug|Any CPU.ActiveCfg = Debug|Any CPU
		{B15F0E2D-03D2-4F65-A063-43007E6E25CB}.Debug|Any CPU.Build.0 = Debug|Any CPU
		{B15F0E2D-03D2-4F65-A063-43007E6E25CB}.Release|Any CPU.ActiveCfg = Release|Any CPU
		{B15F0E2D-03D2-4F65-A063-43007E6E25CB}.Release|Any CPU.Build.0 = Release|Any CPU
	EndGlobalSection
	GlobalSection(SolutionProperties) = preSolution
		HideSolutionNode = FALSE
	EndGlobalSection
	GlobalSection(ExtensibilityGlobals) = postSolution
		SolutionGuid = {16ED3084-815E-47A0-94A1-18C4CD38AFF9}
	EndGlobalSection
EndGlobal
